<?xml version="1.0" encoding="utf-8"?>
<Project ToolsVersion="4.0" xmlns="http://schemas.microsoft.com/developer/msbuild/2003">
  <ItemGroup>
    <Filter Include="Source Files">
      <UniqueIdentifier>{4FC737F1-C7A5-4376-A066-2A32D752A2FF}</UniqueIdentifier>
      <Extensions>cpp;c;cc;cxx;def;odl;idl;hpj;bat;asm;asmx</Extensions>
    </Filter>
    <Filter Include="Header Files">
      <UniqueIdentifier>{93995380-89BD-4b04-88EB-625FBE52EBFB}</UniqueIdentifier>
      <Extensions>h;hh;hpp;hxx;hm;inl;inc;ipp;xsd</Extensions>
    </Filter>
    <Filter Include="Resource Files">
      <UniqueIdentifier>{67DA6AB6-F800-4c08-8B7A-83BB121AAD01}</UniqueIdentifier>
      <Extensions>rc;ico;cur;bmp;dlg;rc2;rct;bin;rgs;gif;jpg;jpeg;jpe;resx;tiff;tif;png;wav;mfcribbon-ms</Extensions>
    </Filter>
  </ItemGroup>
  <ItemGroup>
    <ClCompile Include="IQ_Transmitter.cpp">
      <Filter>Source Files</Filter>
    </ClCompile>
    <ClCompile Include="cli.cpp">
      <Filter>Source Files</Filter>
    </ClCompile>
    <ClCompile Include="drm_coder.cpp">
      <Filter>Source Files</Filter>
    </ClCompile>
    <ClCompile Include="drm_interleaver.cpp">
      <Filter>Source Files</Filter>
    </ClCompile>
    <ClCompile Include="drm_logical_framer.cpp">
      <Filter>Source Files</Filter>
    </ClCompile>
    <ClCompile Include="drm_ofdm_modulator.cpp">
      <Filter>Source Files</Filter>
    </ClCompile>
    <ClCompile Include="drm_profiles.cpp">
      <Filter>Source Files</Filter>
    </ClCompile>
    <ClCompile Include="drm_tx_pipeline.cpp">
      <Filter>Source Files</Filter>
    </ClCompile>
    <ClCompile Include="file_io.cpp">
      <Filter>Source Files</Filter>
    </ClCompile>
    <ClCompile Include="fl2k_tx.cpp">
      <Filter>Source Files</Filter>
    </ClCompile>
    <ClCompile Include="iq_meta.cpp">
      <Filter>Source Files</Filter>
    </ClCompile>
    <ClCompile Include="qpsk_decoder.cpp">
      <Filter>Source Files</Filter>
    </ClCompile>
    <ClCompile Include="m6_validation.cpp">
      <Filter>Source Files</Filter>
    </ClCompile>
    <ClCompile Include="m7_compliance.cpp">
      <Filter>Source Files</Filter>
    </ClCompile>
  </ItemGroup>
  <ItemGroup>
    <ClInclude Include="cli.h">
      <Filter>Header Files</Filter>
    </ClInclude>
    <ClInclude Include="drm_coder.h">
      <Filter>Header Files</Filter>
    </ClInclude>
    <ClInclude Include="drm_interleaver.h">
      <Filter>Header Files</Filter>
    </ClInclude>
    <ClInclude Include="drm_logical_framer.h">
      <Filter>Header Files</Filter>
    </ClInclude>
    <ClInclude Include="drm_ofdm_modulator.h">
      <Filter>Header Files</Filter>
    </ClInclude>
    <ClInclude Include="drm_profiles.h">
      <Filter>Header Files</Filter>
    </ClInclude>
    <ClInclude Include="drm_stage_interfaces.h">
      <Filter>Header Files</Filter>
    </ClInclude>
    <ClInclude Include="drm_tx_pipeline.h">
      <Filter>Header Files</Filter>
    </ClInclude>
    <ClInclude Include="file_io.h">
      <Filter>Header Files</Filter>
    </ClInclude>
    <ClInclude Include="fl2k_tx.h">
      <Filter>Header Files</Filter>
    </ClInclude>
    <ClInclude Include="iq_decoder_types.h">
      <Filter>Header Files</Filter>
    </ClInclude>
    <ClInclude Include="iq_meta.h">
      <Filter>Header Files</Filter>
    </ClInclude>
    <ClInclude Include="qpsk_decoder.h">
      <Filter>Header Files</Filter>
    </ClInclude>
    <ClInclude Include="m6_validation.h">
      <Filter>Header Files</Filter>
    </ClInclude>
    <ClInclude Include="m7_compliance.h">
      <Filter>Header Files</Filter>
    </ClInclude>
  </ItemGroup>
  <ItemGroup>
    <Content Include="LEGAL_REGIONS.md">
      <Filter>Resource Files</Filter>
    </Content>
    <Content Include="README.md">
      <Filter>Resource Files</Filter>
    </Content>
    <Content Include="regression_m0.py">
      <Filter>Resource Files</Filter>
    </Content>
    <Content Include="regression_m6.py">
      <Filter>Resource Files</Filter>
    </Content>
    <Content Include="regression_m7.py">
      <Filter>Resource Files</Filter>
    </Content>
    <Content Include="ROADMAP.md">
      <Filter>Resource Files</Filter>
    </Content>
  </ItemGroup>
</Project>