<?xml version="1.0" encoding="utf-8"?>
<Project ToolsVersion="4.0" xmlns="http://schemas.microsoft.com/developer/msbuild/2003">
  <ItemGroup>
    <Filter Include="Source Files">
      <UniqueIdentifier>{4FC737F1-C7A5-4376-A066-2A32D752A2FF}</UniqueIdentifier>
      <Extensions>cpp;c;cc;cxx;def;odl;idl;hpj;bat;asm;asmx</Extensions>
    </Filter>
    <Filter Include="Header Files">
      <UniqueIdentifier>{93995380-89BD-4b04-88EB-625FBE52EBFB}</UniqueIdentifier>
      <Extensions>h;hh;hpp;hxx;hm;inl;inc;ipp;xsd</Extensions>
    </Filter>
    <Filter Include="Resource Files">
      <UniqueIdentifier>{67DA6AB6-F800-4c08-8B7A-83BB121AAD01}</UniqueIdentifier>
      <Extensions>rc;ico;cur;bmp;dlg;rc2;rct;bin;rgs;gif;jpg;jpeg;jpe;resx;tiff;tif;png;wav;mfcribbon-ms</Extensions>
    </Filter>
  </ItemGroup>
  <ItemGroup>
    <ClCompile Include="af_decoder.cpp">
      <Filter>Source Files</Filter>
    </ClCompile>
    <ClCompile Include="cli.cpp">
      <Filter>Source Files</Filter>
    </ClCompile>
    <ClCompile Include="crc16.cpp">
      <Filter>Source Files</Filter>
    </ClCompile>
    <ClCompile Include="file_io.cpp">
      <Filter>Source Files</Filter>
    </ClCompile>
    <ClCompile Include="iq_meta.cpp">
      <Filter>Source Files</Filter>
    </ClCompile>
    <ClCompile Include="iq_processing.cpp">
      <Filter>Source Files</Filter>
    </ClCompile>
    <ClCompile Include="MDI_to_IQ.cpp">
      <Filter>Source Files</Filter>
    </ClCompile>
    <ClCompile Include="sample_mdi.cpp">
      <Filter>Source Files</Filter>
    </ClCompile>
    <ClCompile Include="tag_parser.cpp">
      <Filter>Source Files</Filter>
    </ClCompile>
  </ItemGroup>
  <ItemGroup>
    <ClInclude Include="af_decoder.h">
      <Filter>Header Files</Filter>
    </ClInclude>
    <ClInclude Include="bit_reader.h">
      <Filter>Header Files</Filter>
    </ClInclude>
    <ClInclude Include="cli.h">
      <Filter>Header Files</Filter>
    </ClInclude>
    <ClInclude Include="crc16.h">
      <Filter>Header Files</Filter>
    </ClInclude>
    <ClInclude Include="endian_utils.h">
      <Filter>Header Files</Filter>
    </ClInclude>
    <ClInclude Include="file_io.h">
      <Filter>Header Files</Filter>
    </ClInclude>
    <ClInclude Include="iq_meta.h">
      <Filter>Header Files</Filter>
    </ClInclude>
    <ClInclude Include="iq_processing.h">
      <Filter>Header Files</Filter>
    </ClInclude>
    <ClInclude Include="mdi_types.h">
      <Filter>Header Files</Filter>
    </ClInclude>
    <ClInclude Include="sample_mdi.h">
      <Filter>Header Files</Filter>
    </ClInclude>
    <ClInclude Include="tag_parser.h">
      <Filter>Header Files</Filter>
    </ClInclude>
  </ItemGroup>
  <ItemGroup>
    <Content Include="__TEST_FILES__\mf.pcap.kimenet.mdi">
      <Filter>Resource Files</Filter>
    </Content>
  </ItemGroup>
</Project>